
Microsoft Visual Studio Solution File, Format Version 12.00
# Visual Studio Version 17
VisualStudioVersion = 17.3.32929.385
MinimumVisualStudioVersion = 10.0.40219.1
Project("{9A19103F-16F7-4668-BE54-9A1E7A4F7556}") = "TsqlAnalyser", "TsqlAnalyser\TsqlAnalyser.csproj", "{E3736C4C-2E74-44E0-B414-B65268BC4D97}"
EndProject
Project("{FAE04EC0-301F-11D3-BF4B-00C04F79EFBC}") = "SampleDb", "SampleDb\SampleDb.csproj", "{37EAA697-3D98-47F8-92BB-EFF4770D977B}"
EndProject
Project("{2150E333-8FDC-42A3-9474-1A3956D46DE8}") = "SolnItems", "SolnItems", "{77024E46-E01C-4D99-AB61-644CDC3EC8AD}"
	ProjectSection(SolutionItems) = preProject
		Todo.txt = Todo.txt
	EndProjectSection
EndProject
Project("{FAE04EC0-301F-11D3-BF4B-00C04F79EFBC}") = "Lindt", "Lindt\Lindt.csproj", "{687CE196-1C09-4DAB-AAA4-B4EB86389FCE}"
EndProject
Project("{FAE04EC0-301F-11D3-BF4B-00C04F79EFBC}") = "Tests", "Tests\Tests.csproj", "{DBD88C55-0FD8-42B4-B6E9-528F662C264B}"
EndProject
Global
	GlobalSection(SolutionConfigurationPlatforms) = preSolution
		Debug|Any CPU = Debug|Any CPU
		Release|Any CPU = Release|Any CPU
	EndGlobalSection
	GlobalSection(ProjectConfigurationPlatforms) = postSolution
		{E3736C4C-2E74-44E0-B414-B65268BC4D97}.Debug|Any CPU.ActiveCfg = Debug|Any CPU
		{E3736C4C-2E74-44E0-B414-B65268BC4D97}.Debug|Any CPU.Build.0 = Debug|Any CPU
		{E3736C4C-2E74-44E0-B414-B65268BC4D97}.Release|Any CPU.ActiveCfg = Release|Any CPU
		{E3736C4C-2E74-44E0-B414-B65268BC4D97}.Release|Any CPU.Build.0 = Release|Any CPU
		{37EAA697-3D98-47F8-92BB-EFF4770D977B}.Debug|Any CPU.ActiveCfg = Debug|Any CPU
		{37EAA697-3D98-47F8-92BB-EFF4770D977B}.Debug|Any CPU.Build.0 = Debug|Any CPU
		{37EAA697-3D98-47F8-92BB-EFF4770D977B}.Release|Any CPU.ActiveCfg = Release|Any CPU
		{37EAA697-3D98-47F8-92BB-EFF4770D977B}.Release|Any CPU.Build.0 = Release|Any CPU
		{687CE196-1C09-4DAB-AAA4-B4EB86389FCE}.Debug|Any CPU.ActiveCfg = Debug|Any CPU
		{687CE196-1C09-4DAB-AAA4-B4EB86389FCE}.Debug|Any CPU.Build.0 = Debug|Any CPU
		{687CE196-1C09-4DAB-AAA4-B4EB86389FCE}.Release|Any CPU.ActiveCfg = Release|Any CPU
		{687CE196-1C09-4DAB-AAA4-B4EB86389FCE}.Release|Any CPU.Build.0 = Release|Any CPU
		{DBD88C55-0FD8-42B4-B6E9-528F662C264B}.Debug|Any CPU.ActiveCfg = Debug|Any CPU
		{DBD88C55-0FD8-42B4-B6E9-528F662C264B}.Debug|Any CPU.Build.0 = Debug|Any CPU
		{DBD88C55-0FD8-42B4-B6E9-528F662C264B}.Release|Any CPU.ActiveCfg = Release|Any CPU
		{DBD88C55-0FD8-42B4-B6E9-528F662C264B}.Release|Any CPU.Build.0 = Release|Any CPU
	EndGlobalSection
	GlobalSection(SolutionProperties) = preSolution
		HideSolutionNode = FALSE
	EndGlobalSection
	GlobalSection(ExtensibilityGlobals) = postSolution
		SolutionGuid = {F764A527-8828-4398-86BA-578AA2C670BC}
	EndGlobalSection
EndGlobal
